# Auto-generated by dotagents. Do not edit.
version = 1

[skills.dotagents]
source = "getsentry/dotagents"
resolved_url = "https://github.com/getsentry/dotagents"
resolved_path = "skills/dotagents"

[skills.sentry-android-sdk]
source = "getsentry/sentry-for-ai"
resolved_url = "https://github.com/getsentry/sentry-for-ai"
resolved_path = "skills/sentry-android-sdk"

[skills.sentry-browser-sdk]
source = "getsentry/sentry-for-ai"
resolved_url = "https://github.com/getsentry/sentry-for-ai"
resolved_path = "skills/sentry-browser-sdk"

[skills.sentry-cloudflare-sdk]
source = "getsentry/sentry-for-ai"
resolved_url = "https://github.com/getsentry/sentry-for-ai"
resolved_path = "skills/sentry-cloudflare-sdk"

[skills.sentry-cocoa-sdk]
source = "getsentry/sentry-for-ai"
resolved_url = "https://github.com/getsentry/sentry-for-ai"
resolved_path = "skills/sentry-cocoa-sdk"

[skills.sentry-code-review]
source = "getsentry/sentry-for-ai"
resolved_url = "https://github.com/getsentry/sentry-for-ai"
resolved_path = "skills/sentry-code-review"

[skills.sentry-create-alert]
source = "getsentry/sentry-for-ai"
resolved_url = "https://github.com/getsentry/sentry-for-ai"
resolved_path = "skills/sentry-create-alert"

[skills.sentry-dotnet-sdk]
source = "getsentry/sentry-for-ai"
resolved_url = "https://github.com/getsentry/sentry-for-ai"
resolved_path = "skills/sentry-dotnet-sdk"

[skills.sentry-elixir-sdk]
source = "getsentry/sentry-for-ai"
resolved_url = "https://github.com/getsentry/sentry-for-ai"
resolved_path = "skills/sentry-elixir-sdk"

[skills.sentry-feature-setup]
source = "getsentry/sentry-for-ai"
resolved_url = "https://github.com/getsentry/sentry-for-ai"
resolved_path = "skills/sentry-feature-setup"

[skills.sentry-fix-issues]
source = "getsentry/sentry-for-ai"
resolved_url = "https://github.com/getsentry/sentry-for-ai"
resolved_path = "skills/sentry-fix-issues"

[skills.sentry-flutter-sdk]
source = "getsentry/sentry-for-ai"
resolved_url = "https://github.com/getsentry/sentry-for-ai"
resolved_path = "skills/sentry-flutter-sdk"

[skills.sentry-go-sdk]
source = "getsentry/sentry-for-ai"
resolved_url = "https://github.com/getsentry/sentry-for-ai"
resolved_path = "skills/sentry-go-sdk"

[skills.sentry-nestjs-sdk]
source = "getsentry/sentry-for-ai"
resolved_url = "https://github.com/getsentry/sentry-for-ai"
resolved_path = "skills/sentry-nestjs-sdk"

[skills.sentry-nextjs-sdk]
source = "getsentry/sentry-for-ai"
resolved_url = "https://github.com/getsentry/sentry-for-ai"
resolved_path = "skills/sentry-nextjs-sdk"

[skills.sentry-node-sdk]
source = "getsentry/sentry-for-ai"
resolved_url = "https://github.com/getsentry/sentry-for-ai"
resolved_path = "skills/sentry-node-sdk"

[skills.sentry-otel-exporter-setup]
source = "getsentry/sentry-for-ai"
resolved_url = "https://github.com/getsentry/sentry-for-ai"
resolved_path = "skills/sentry-otel-exporter-setup"

[skills.sentry-php-sdk]
source = "getsentry/sentry-for-ai"
resolved_url = "https://github.com/getsentry/sentry-for-ai"
resolved_path = "skills/sentry-php-sdk"

[skills.sentry-pr-code-review]
source = "getsentry/sentry-for-ai"
resolved_url = "https://github.com/getsentry/sentry-for-ai"
resolved_path = "skills/sentry-pr-code-review"

[skills.sentry-python-sdk]
source = "getsentry/sentry-for-ai"
resolved_url = "https://github.com/getsentry/sentry-for-ai"
resolved_path = "skills/sentry-python-sdk"

[skills.sentry-react-native-sdk]
source = "getsentry/sentry-for-ai"
resolved_url = "https://github.com/getsentry/sentry-for-ai"
resolved_path = "skills/sentry-react-native-sdk"

[skills.sentry-react-sdk]
source = "getsentry/sentry-for-ai"
resolved_url = "https://github.com/getsentry/sentry-for-ai"
resolved_path = "skills/sentry-react-sdk"

[skills.sentry-ruby-sdk]
source = "getsentry/sentry-for-ai"
resolved_url = "https://github.com/getsentry/sentry-for-ai"
resolved_path = "skills/sentry-ruby-sdk"

[skills.sentry-sdk-setup]
source = "getsentry/sentry-for-ai"
resolved_url = "https://github.com/getsentry/sentry-for-ai"
resolved_path = "skills/sentry-sdk-setup"

[skills.sentry-sdk-skill-creator]
source = "getsentry/sentry-for-ai"
resolved_url = "https://github.com/getsentry/sentry-for-ai"
resolved_path = "skills/sentry-sdk-skill-creator"

[skills.sentry-sdk-upgrade]
source = "getsentry/sentry-for-ai"
resolved_url = "https://github.com/getsentry/sentry-for-ai"
resolved_path = "skills/sentry-sdk-upgrade"

[skills.sentry-setup-ai-monitoring]
source = "getsentry/sentry-for-ai"
resolved_url = "https://github.com/getsentry/sentry-for-ai"
resolved_path = "skills/sentry-setup-ai-monitoring"

[skills.sentry-svelte-sdk]
source = "getsentry/sentry-for-ai"
resolved_url = "https://github.com/getsentry/sentry-for-ai"
resolved_path = "skills/sentry-svelte-sdk"

[skills.sentry-workflow]
source = "getsentry/sentry-for-ai"
resolved_url = "https://github.com/getsentry/sentry-for-ai"
resolved_path = "skills/sentry-workflow"
