{
  "lockfileVersion": 1,
  "configVersion": 0,
  "workspaces": {
    "": {
      "dependencies": {
        "@kilocode/plugin": "1.0.16",
        "@opencode-ai/plugin": "1.3.0",
      },
    },
  },
  "packages": {
    "@kilocode/plugin": ["@kilocode/plugin@1.0.16", "", { "dependencies": { "@kilocode/sdk": "1.0.16", "zod": "4.1.8" } }, "sha512-XJp382UaMVT7kaJfOiVBTYi/lfP7EMnqIsL4+tsspR80kyA0BOJK3EJOSIgUSQT1fTwjF4oQRCMt/Tw5rFyrgQ=="],

    "@kilocode/sdk": ["@kilocode/sdk@1.0.16", "", {}, "sha512-Npecy7X904yjlLOvuJ9GR+79ZjdUE4vyxK8F4d0cTf8ltft62TxpGmwv+DwgqffqO9LhuJyvvhcx5o+iWBh6sg=="],

    "@opencode-ai/plugin": ["@opencode-ai/plugin@1.3.0", "", { "dependencies": { "@opencode-ai/sdk": "1.3.0", "zod": "4.1.8" } }, "sha512-mR1Kdcpr3Iv+KS7cL2DRFB6QAcSoR6/DojmwuxYF/pMCahMtaCLiqZGQjoSNl12+gQ6RsIJJyUh/jX3JVlOx8A=="],

    "@opencode-ai/sdk": ["@opencode-ai/sdk@1.3.0", "", {}, "sha512-5WyYEpcV6Zk9otXOMIrvZRbJm1yxt/c8EXSBn1p6Sw1yagz8HRljkoUTJFxzD0x2+/6vAZItr3OrXDZfE+oA2g=="],

    "zod": ["zod@4.1.8", "", {}, ""],
  }
}
