{
  "name": ".opencode",
  "lockfileVersion": 3,
  "requires": true,
  "packages": {
    "": {
      "dependencies": {
        "@kilocode/plugin": "1.0.16",
        "@opencode-ai/plugin": "1.2.4"
      }
    },
    "node_modules/@kilocode/plugin": {
      "version": "1.0.16",
      "license": "MIT",
      "dependencies": {
        "@kilocode/sdk": "1.0.16",
        "zod": "4.1.8"
      }
    },
    "node_modules/@kilocode/sdk": {
      "version": "1.0.16",
      "license": "MIT"
    },
    "node_modules/@opencode-ai/plugin": {
      "version": "1.2.4",
      "license": "MIT",
      "dependencies": {
        "@opencode-ai/sdk": "1.2.4",
        "zod": "4.1.8"
      }
    },
    "node_modules/@opencode-ai/sdk": {
      "version": "1.2.4",
      "license": "MIT"
    },
    "node_modules/zod": {
      "version": "4.1.8",
      "license": "MIT",
      "funding": {
        "url": "https://github.com/sponsors/colinhacks"
      }
    }
  }
}
